
Microsoft Visual Studio Solution File, Format Version 12.00
# Visual Studio Version 17
VisualStudioVersion = 17.5.33502.453
MinimumVisualStudioVersion = 10.0.40219.1
Project("{FAE04EC0-301F-11D3-BF4B-00C04F79EFBC}") = "Dag04.StringDemo.Tests", "Dag04.StringDemo.Tests\Dag04.StringDemo.Tests.csproj", "{8FA1C230-244F-4FBD-84BC-4AB95709DFEC}"
EndProject
Project("{FAE04EC0-301F-11D3-BF4B-00C04F79EFBC}") = "Dag04.StringDemo", "Dag04.StringDemo\Dag04.StringDemo.csproj", "{BD0C2973-D5B4-4914-A31E-92ADBF876652}"
EndProject
Global
	GlobalSection(SolutionConfigurationPlatforms) = preSolution
		Debug|Any CPU = Debug|Any CPU
		Release|Any CPU = Release|Any CPU
	EndGlobalSection
	GlobalSection(ProjectConfigurationPlatforms) = postSolution
		{8FA1C230-244F-4FBD-84BC-4AB95709DFEC}.Debug|Any CPU.ActiveCfg = Debug|Any CPU
		{8FA1C230-244F-4FBD-84BC-4AB95709DFEC}.Debug|Any CPU.Build.0 = Debug|Any CPU
		{8FA1C230-244F-4FBD-84BC-4AB95709DFEC}.Release|Any CPU.ActiveCfg = Release|Any CPU
		{8FA1C230-244F-4FBD-84BC-4AB95709DFEC}.Release|Any CPU.Build.0 = Release|Any CPU
		{BD0C2973-D5B4-4914-A31E-92ADBF876652}.Debug|Any CPU.ActiveCfg = Debug|Any CPU
		{BD0C2973-D5B4-4914-A31E-92ADBF876652}.Debug|Any CPU.Build.0 = Debug|Any CPU
		{BD0C2973-D5B4-4914-A31E-92ADBF876652}.Release|Any CPU.ActiveCfg = Release|Any CPU
		{BD0C2973-D5B4-4914-A31E-92ADBF876652}.Release|Any CPU.Build.0 = Release|Any CPU
	EndGlobalSection
	GlobalSection(SolutionProperties) = preSolution
		HideSolutionNode = FALSE
	EndGlobalSection
	GlobalSection(ExtensibilityGlobals) = postSolution
		SolutionGuid = {48274EB2-F2F9-4CC8-91EB-EA50E63D69E4}
	EndGlobalSection
EndGlobal
