
Microsoft Visual Studio Solution File, Format Version 12.00
# Visual Studio Version 17
VisualStudioVersion = 17.5.33502.453
MinimumVisualStudioVersion = 10.0.40219.1
Project("{FAE04EC0-301F-11D3-BF4B-00C04F79EFBC}") = "Day11.BarExcercise.Lib", "Day11.BarExcercise.Lib\Day11.BarExcercise.Lib.csproj", "{67DCFB76-0EFD-4B67-81DF-E6D0A938101B}"
EndProject
Project("{FAE04EC0-301F-11D3-BF4B-00C04F79EFBC}") = "Day11.BarExcercise.Program", "Day11.BarExcercise.Program\Day11.BarExcercise.Program.csproj", "{655C9FAD-D808-4E01-8CDB-626DA32AD32B}"
EndProject
Project("{FAE04EC0-301F-11D3-BF4B-00C04F79EFBC}") = "Day11.BarExcercise.Tests", "Day11.BarExcercise.Tests\Day11.BarExcercise.Tests.csproj", "{53902210-B594-4E72-9F8C-6788E64F920E}"
EndProject
Global
	GlobalSection(SolutionConfigurationPlatforms) = preSolution
		Debug|Any CPU = Debug|Any CPU
		Release|Any CPU = Release|Any CPU
	EndGlobalSection
	GlobalSection(ProjectConfigurationPlatforms) = postSolution
		{67DCFB76-0EFD-4B67-81DF-E6D0A938101B}.Debug|Any CPU.ActiveCfg = Debug|Any CPU
		{67DCFB76-0EFD-4B67-81DF-E6D0A938101B}.Debug|Any CPU.Build.0 = Debug|Any CPU
		{67DCFB76-0EFD-4B67-81DF-E6D0A938101B}.Release|Any CPU.ActiveCfg = Release|Any CPU
		{67DCFB76-0EFD-4B67-81DF-E6D0A938101B}.Release|Any CPU.Build.0 = Release|Any CPU
		{655C9FAD-D808-4E01-8CDB-626DA32AD32B}.Debug|Any CPU.ActiveCfg = Debug|Any CPU
		{655C9FAD-D808-4E01-8CDB-626DA32AD32B}.Debug|Any CPU.Build.0 = Debug|Any CPU
		{655C9FAD-D808-4E01-8CDB-626DA32AD32B}.Release|Any CPU.ActiveCfg = Release|Any CPU
		{655C9FAD-D808-4E01-8CDB-626DA32AD32B}.Release|Any CPU.Build.0 = Release|Any CPU
		{53902210-B594-4E72-9F8C-6788E64F920E}.Debug|Any CPU.ActiveCfg = Debug|Any CPU
		{53902210-B594-4E72-9F8C-6788E64F920E}.Debug|Any CPU.Build.0 = Debug|Any CPU
		{53902210-B594-4E72-9F8C-6788E64F920E}.Release|Any CPU.ActiveCfg = Release|Any CPU
		{53902210-B594-4E72-9F8C-6788E64F920E}.Release|Any CPU.Build.0 = Release|Any CPU
	EndGlobalSection
	GlobalSection(SolutionProperties) = preSolution
		HideSolutionNode = FALSE
	EndGlobalSection
	GlobalSection(ExtensibilityGlobals) = postSolution
		SolutionGuid = {9DCE2513-BBA3-47E0-9166-5BF41FCCB197}
	EndGlobalSection
EndGlobal
