
Microsoft Visual Studio Solution File, Format Version 12.00
# Visual Studio Version 17
VisualStudioVersion = 17.5.33502.453
MinimumVisualStudioVersion = 10.0.40219.1
Project("{FAE04EC0-301F-11D3-BF4B-00C04F79EFBC}") = "Dag05.VolumeExerciseLibrary", "Dag05.VolumeExerciseLibrary\Dag05.VolumeExerciseLibrary.csproj", "{4FA992F5-D684-4DEC-8FB4-C4366624C9F8}"
EndProject
Project("{FAE04EC0-301F-11D3-BF4B-00C04F79EFBC}") = "Dag05.VolumeExerciseTests", "Dag05.VolumeExerciseTests\Dag05.VolumeExerciseTests.csproj", "{1E005A64-8C44-4091-A6FB-3247A8876091}"
EndProject
Global
	GlobalSection(SolutionConfigurationPlatforms) = preSolution
		Debug|Any CPU = Debug|Any CPU
		Release|Any CPU = Release|Any CPU
	EndGlobalSection
	GlobalSection(ProjectConfigurationPlatforms) = postSolution
		{4FA992F5-D684-4DEC-8FB4-C4366624C9F8}.Debug|Any CPU.ActiveCfg = Debug|Any CPU
		{4FA992F5-D684-4DEC-8FB4-C4366624C9F8}.Debug|Any CPU.Build.0 = Debug|Any CPU
		{4FA992F5-D684-4DEC-8FB4-C4366624C9F8}.Release|Any CPU.ActiveCfg = Release|Any CPU
		{4FA992F5-D684-4DEC-8FB4-C4366624C9F8}.Release|Any CPU.Build.0 = Release|Any CPU
		{1E005A64-8C44-4091-A6FB-3247A8876091}.Debug|Any CPU.ActiveCfg = Debug|Any CPU
		{1E005A64-8C44-4091-A6FB-3247A8876091}.Debug|Any CPU.Build.0 = Debug|Any CPU
		{1E005A64-8C44-4091-A6FB-3247A8876091}.Release|Any CPU.ActiveCfg = Release|Any CPU
		{1E005A64-8C44-4091-A6FB-3247A8876091}.Release|Any CPU.Build.0 = Release|Any CPU
	EndGlobalSection
	GlobalSection(SolutionProperties) = preSolution
		HideSolutionNode = FALSE
	EndGlobalSection
	GlobalSection(ExtensibilityGlobals) = postSolution
		SolutionGuid = {F56D6C4E-DDBB-4467-8151-28CDF2B2F38F}
	EndGlobalSection
EndGlobal
