
Microsoft Visual Studio Solution File, Format Version 12.00
# Visual Studio Version 17
VisualStudioVersion = 17.5.33502.453
MinimumVisualStudioVersion = 10.0.40219.1
Project("{FAE04EC0-301F-11D3-BF4B-00C04F79EFBC}") = "Dag06.ValutaExercise.Library", "Dag06.ValutaExercise.Library\Dag06.ValutaExercise.Library.csproj", "{45E71F44-38E2-42F8-9D4B-CC5E3B345A78}"
EndProject
Project("{FAE04EC0-301F-11D3-BF4B-00C04F79EFBC}") = "Dag06.ValutaExercise.Tests", "Dag06.ValutaExercise.Tests\Dag06.ValutaExercise.Tests.csproj", "{219F619C-595C-45A3-8A39-715FCDC225EA}"
EndProject
Global
	GlobalSection(SolutionConfigurationPlatforms) = preSolution
		Debug|Any CPU = Debug|Any CPU
		Release|Any CPU = Release|Any CPU
	EndGlobalSection
	GlobalSection(ProjectConfigurationPlatforms) = postSolution
		{45E71F44-38E2-42F8-9D4B-CC5E3B345A78}.Debug|Any CPU.ActiveCfg = Debug|Any CPU
		{45E71F44-38E2-42F8-9D4B-CC5E3B345A78}.Debug|Any CPU.Build.0 = Debug|Any CPU
		{45E71F44-38E2-42F8-9D4B-CC5E3B345A78}.Release|Any CPU.ActiveCfg = Release|Any CPU
		{45E71F44-38E2-42F8-9D4B-CC5E3B345A78}.Release|Any CPU.Build.0 = Release|Any CPU
		{219F619C-595C-45A3-8A39-715FCDC225EA}.Debug|Any CPU.ActiveCfg = Debug|Any CPU
		{219F619C-595C-45A3-8A39-715FCDC225EA}.Debug|Any CPU.Build.0 = Debug|Any CPU
		{219F619C-595C-45A3-8A39-715FCDC225EA}.Release|Any CPU.ActiveCfg = Release|Any CPU
		{219F619C-595C-45A3-8A39-715FCDC225EA}.Release|Any CPU.Build.0 = Release|Any CPU
	EndGlobalSection
	GlobalSection(SolutionProperties) = preSolution
		HideSolutionNode = FALSE
	EndGlobalSection
	GlobalSection(ExtensibilityGlobals) = postSolution
		SolutionGuid = {3F77E8C4-6CC1-4BF6-B59D-6BB6BA6247BE}
	EndGlobalSection
EndGlobal
