
Microsoft Visual Studio Solution File, Format Version 12.00
# Visual Studio Version 17
VisualStudioVersion = 17.5.33502.453
MinimumVisualStudioVersion = 10.0.40219.1
Project("{FAE04EC0-301F-11D3-BF4B-00C04F79EFBC}") = "Dag04.ArrayDemo", "Dag04.ArrayDemo\Dag04.ArrayDemo.csproj", "{AA325194-9213-4D4A-927D-3169155E4D07}"
EndProject
Global
	GlobalSection(SolutionConfigurationPlatforms) = preSolution
		Debug|Any CPU = Debug|Any CPU
		Release|Any CPU = Release|Any CPU
	EndGlobalSection
	GlobalSection(ProjectConfigurationPlatforms) = postSolution
		{AA325194-9213-4D4A-927D-3169155E4D07}.Debug|Any CPU.ActiveCfg = Debug|Any CPU
		{AA325194-9213-4D4A-927D-3169155E4D07}.Debug|Any CPU.Build.0 = Debug|Any CPU
		{AA325194-9213-4D4A-927D-3169155E4D07}.Release|Any CPU.ActiveCfg = Release|Any CPU
		{AA325194-9213-4D4A-927D-3169155E4D07}.Release|Any CPU.Build.0 = Release|Any CPU
	EndGlobalSection
	GlobalSection(SolutionProperties) = preSolution
		HideSolutionNode = FALSE
	EndGlobalSection
	GlobalSection(ExtensibilityGlobals) = postSolution
		SolutionGuid = {2F39BCF2-21FA-4A05-85DC-087ED323AD59}
	EndGlobalSection
EndGlobal
