
Microsoft Visual Studio Solution File, Format Version 12.00
# Visual Studio Version 17
VisualStudioVersion = 17.5.33502.453
MinimumVisualStudioVersion = 10.0.40219.1
Project("{FAE04EC0-301F-11D3-BF4B-00C04F79EFBC}") = "Dag06.StructDemoTests", "Dag06.StructDemoTests\Dag06.StructDemoTests.csproj", "{9DCD86D4-2929-4ADF-ADA4-0B52927E2CD1}"
EndProject
Global
	GlobalSection(SolutionConfigurationPlatforms) = preSolution
		Debug|Any CPU = Debug|Any CPU
		Release|Any CPU = Release|Any CPU
	EndGlobalSection
	GlobalSection(ProjectConfigurationPlatforms) = postSolution
		{9DCD86D4-2929-4ADF-ADA4-0B52927E2CD1}.Debug|Any CPU.ActiveCfg = Debug|Any CPU
		{9DCD86D4-2929-4ADF-ADA4-0B52927E2CD1}.Debug|Any CPU.Build.0 = Debug|Any CPU
		{9DCD86D4-2929-4ADF-ADA4-0B52927E2CD1}.Release|Any CPU.ActiveCfg = Release|Any CPU
		{9DCD86D4-2929-4ADF-ADA4-0B52927E2CD1}.Release|Any CPU.Build.0 = Release|Any CPU
	EndGlobalSection
	GlobalSection(SolutionProperties) = preSolution
		HideSolutionNode = FALSE
	EndGlobalSection
	GlobalSection(ExtensibilityGlobals) = postSolution
		SolutionGuid = {E7828E8D-D48B-4B9A-9D5B-B9F5434A9703}
	EndGlobalSection
EndGlobal
