
Microsoft Visual Studio Solution File, Format Version 12.00
# Visual Studio Version 17
VisualStudioVersion = 17.5.33502.453
MinimumVisualStudioVersion = 10.0.40219.1
Project("{FAE04EC0-301F-11D3-BF4B-00C04F79EFBC}") = "Dag08.InterfaceExcersice.Lib", "Dag08.InterfaceExcersice.Lib\Dag08.InterfaceExcersice.Lib.csproj", "{A3AA9344-BA27-44BA-9372-2C18B12E73F1}"
EndProject
Project("{FAE04EC0-301F-11D3-BF4B-00C04F79EFBC}") = "Dag08.InterfaceExcersice.Tests", "Dag08.InterfaceExcersice.Tests\Dag08.InterfaceExcersice.Tests.csproj", "{F7ECAD98-19DB-4496-9DB1-9D1F08763716}"
EndProject
Global
	GlobalSection(SolutionConfigurationPlatforms) = preSolution
		Debug|Any CPU = Debug|Any CPU
		Release|Any CPU = Release|Any CPU
	EndGlobalSection
	GlobalSection(ProjectConfigurationPlatforms) = postSolution
		{A3AA9344-BA27-44BA-9372-2C18B12E73F1}.Debug|Any CPU.ActiveCfg = Debug|Any CPU
		{A3AA9344-BA27-44BA-9372-2C18B12E73F1}.Debug|Any CPU.Build.0 = Debug|Any CPU
		{A3AA9344-BA27-44BA-9372-2C18B12E73F1}.Release|Any CPU.ActiveCfg = Release|Any CPU
		{A3AA9344-BA27-44BA-9372-2C18B12E73F1}.Release|Any CPU.Build.0 = Release|Any CPU
		{F7ECAD98-19DB-4496-9DB1-9D1F08763716}.Debug|Any CPU.ActiveCfg = Debug|Any CPU
		{F7ECAD98-19DB-4496-9DB1-9D1F08763716}.Debug|Any CPU.Build.0 = Debug|Any CPU
		{F7ECAD98-19DB-4496-9DB1-9D1F08763716}.Release|Any CPU.ActiveCfg = Release|Any CPU
		{F7ECAD98-19DB-4496-9DB1-9D1F08763716}.Release|Any CPU.Build.0 = Release|Any CPU
	EndGlobalSection
	GlobalSection(SolutionProperties) = preSolution
		HideSolutionNode = FALSE
	EndGlobalSection
	GlobalSection(ExtensibilityGlobals) = postSolution
		SolutionGuid = {1890601B-8214-410E-A572-0A12D2BDDC8D}
	EndGlobalSection
EndGlobal
