
Microsoft Visual Studio Solution File, Format Version 12.00
# Visual Studio Version 17
VisualStudioVersion = 17.5.33502.453
MinimumVisualStudioVersion = 10.0.40219.1
Project("{FAE04EC0-301F-11D3-BF4B-00C04F79EFBC}") = "Dag05.ObjectOrientationDemo", "Dag05.ObjectOrientationDemo\Dag05.ObjectOrientationDemo.csproj", "{F4673B56-3D9D-4AFE-B382-C4B49520B4ED}"
EndProject
Project("{FAE04EC0-301F-11D3-BF4B-00C04F79EFBC}") = "ObjectOrientationDemoLibary", "ObjectOrientationDemoLibary\ObjectOrientationDemoLibary.csproj", "{F11E2551-A1B7-404B-97AA-55A1AA274BC9}"
EndProject
Global
	GlobalSection(SolutionConfigurationPlatforms) = preSolution
		Debug|Any CPU = Debug|Any CPU
		Release|Any CPU = Release|Any CPU
	EndGlobalSection
	GlobalSection(ProjectConfigurationPlatforms) = postSolution
		{F4673B56-3D9D-4AFE-B382-C4B49520B4ED}.Debug|Any CPU.ActiveCfg = Debug|Any CPU
		{F4673B56-3D9D-4AFE-B382-C4B49520B4ED}.Debug|Any CPU.Build.0 = Debug|Any CPU
		{F4673B56-3D9D-4AFE-B382-C4B49520B4ED}.Release|Any CPU.ActiveCfg = Release|Any CPU
		{F4673B56-3D9D-4AFE-B382-C4B49520B4ED}.Release|Any CPU.Build.0 = Release|Any CPU
		{F11E2551-A1B7-404B-97AA-55A1AA274BC9}.Debug|Any CPU.ActiveCfg = Debug|Any CPU
		{F11E2551-A1B7-404B-97AA-55A1AA274BC9}.Debug|Any CPU.Build.0 = Debug|Any CPU
		{F11E2551-A1B7-404B-97AA-55A1AA274BC9}.Release|Any CPU.ActiveCfg = Release|Any CPU
		{F11E2551-A1B7-404B-97AA-55A1AA274BC9}.Release|Any CPU.Build.0 = Release|Any CPU
	EndGlobalSection
	GlobalSection(SolutionProperties) = preSolution
		HideSolutionNode = FALSE
	EndGlobalSection
	GlobalSection(ExtensibilityGlobals) = postSolution
		SolutionGuid = {45466DCB-CFE3-47F8-BCA0-4570DE25E3EB}
	EndGlobalSection
EndGlobal
